{
  "version": 4,
  "terraform_version": "1.4.2",
  "serial": 20,
  "lineage": "c72fb1ca-4bca-ee7a-a2af-2c111f7160e3",
  "outputs": {
    "account_id": {
      "value": "21ea84d1-2c61-4408-99fc-7cf2455d2b0a",
      "type": "string"
    },
    "container_fqdn": {
      "value": [
        "main-app.gentleflower-12982389.eastus.azurecontainerapps.io"
      ],
      "type": [
        "list",
        "string"
      ]
    },
    "container_outbound_ip_addresses": {
      "value": [
        "20.81.2.88"
      ],
      "type": [
        "list",
        "string"
      ]
    },
    "container_services_fqdn": {
      "value": "main-dbiip2.azurewebsites.net",
      "type": "string"
    },
    "container_services_ip_addresses_outbound": {
      "value": [
        "20.241.252.30",
        "20.241.252.91",
        "20.241.252.181",
        "20.241.252.233",
        "20.241.253.39",
        "20.241.253.64",
        "20.119.16.31"
      ],
      "type": [
        "list",
        "string"
      ]
    }
  },
  "resources": [
    {
      "mode": "data",
      "type": "azurerm_client_config",
      "name": "current",
      "provider": "provider[\"registry.terraform.io/hashicorp/azurerm\"]",
      "instances": [
        {
          "schema_version": 0,
          "attributes": {
            "client_id": "04b07795-8ddb-461a-bbee-02f9e1bf7b46",
            "id": "Y2xpZW50Q29uZmlncy9jbGllbnRJZD0wNGIwNzc5NS04ZGRiLTQ2MWEtYmJlZS0wMmY5ZTFiZjdiNDY7b2JqZWN0SWQ9MjFlYTg0ZDEtMmM2MS00NDA4LTk5ZmMtN2NmMjQ1NWQyYjBhO3N1YnNjcmlwdGlvbklkPTMxZDhhZDhmLTY5NTktNGFlNS1iMDczLTY2Njg4ZDFjZjExMDt0ZW5hbnRJZD1iZmNmMWQ5ZC05M2VhLTQzYjEtYjkwMi0xZGFhNjhhNjQyNDg=",
            "object_id": "21ea84d1-2c61-4408-99fc-7cf2455d2b0a",
            "subscription_id": "31d8ad8f-6959-4ae5-b073-66688d1cf110",
            "tenant_id": "bfcf1d9d-93ea-43b1-b902-1daa68a64248",
            "timeouts": null
          },
          "sensitive_attributes": []
        }
      ]
    },
    {
      "mode": "data",
      "type": "azurerm_client_config",
      "name": "main",
      "provider": "provider[\"registry.terraform.io/hashicorp/azurerm\"]",
      "instances": [
        {
          "schema_version": 0,
          "attributes": {
            "client_id": "04b07795-8ddb-461a-bbee-02f9e1bf7b46",
            "id": "Y2xpZW50Q29uZmlncy9jbGllbnRJZD0wNGIwNzc5NS04ZGRiLTQ2MWEtYmJlZS0wMmY5ZTFiZjdiNDY7b2JqZWN0SWQ9MjFlYTg0ZDEtMmM2MS00NDA4LTk5ZmMtN2NmMjQ1NWQyYjBhO3N1YnNjcmlwdGlvbklkPTMxZDhhZDhmLTY5NTktNGFlNS1iMDczLTY2Njg4ZDFjZjExMDt0ZW5hbnRJZD1iZmNmMWQ5ZC05M2VhLTQzYjEtYjkwMi0xZGFhNjhhNjQyNDg=",
            "object_id": "21ea84d1-2c61-4408-99fc-7cf2455d2b0a",
            "subscription_id": "31d8ad8f-6959-4ae5-b073-66688d1cf110",
            "tenant_id": "bfcf1d9d-93ea-43b1-b902-1daa68a64248",
            "timeouts": null
          },
          "sensitive_attributes": []
        }
      ]
    },
    {
      "mode": "data",
      "type": "azurerm_subscription",
      "name": "main",
      "provider": "provider[\"registry.terraform.io/hashicorp/azurerm\"]",
      "instances": [
        {
          "schema_version": 0,
          "attributes": {
            "display_name": "Azure for Students",
            "id": "/subscriptions/31d8ad8f-6959-4ae5-b073-66688d1cf110",
            "location_placement_id": "Public_2014-09-01",
            "quota_id": "AzureForStudents_2018-01-01",
            "spending_limit": "On",
            "state": "Enabled",
            "subscription_id": "31d8ad8f-6959-4ae5-b073-66688d1cf110",
            "tags": {},
            "tenant_id": "bfcf1d9d-93ea-43b1-b902-1daa68a64248",
            "timeouts": null
          },
          "sensitive_attributes": []
        }
      ]
    },
    {
      "mode": "managed",
      "type": "azurerm_container_app",
      "name": "main",
      "provider": "provider[\"registry.terraform.io/hashicorp/azurerm\"]",
      "instances": [
        {
          "schema_version": 0,
          "attributes": {
            "container_app_environment_id": "/subscriptions/31d8ad8f-6959-4ae5-b073-66688d1cf110/resourceGroups/ic4302-dbiip2/providers/Microsoft.App/managedEnvironments/main",
            "custom_domain_verification_id": "5C92DEE29D1F37B5DBF974A434D880A3B56374030946355B4AA049FC10FE48BC",
            "dapr": [],
            "id": "/subscriptions/31d8ad8f-6959-4ae5-b073-66688d1cf110/resourceGroups/ic4302-dbiip2/providers/Microsoft.App/containerApps/main-app",
            "identity": [
              {
                "identity_ids": [
                  "/subscriptions/31d8ad8f-6959-4ae5-b073-66688d1cf110/resourceGroups/ic4302-dbiip2/providers/Microsoft.ManagedIdentity/userAssignedIdentities/owneraccess"
                ],
                "principal_id": "",
                "tenant_id": "",
                "type": "UserAssigned"
              }
            ],
            "ingress": [
              {
                "allow_insecure_connections": true,
                "custom_domain": [],
                "external_enabled": true,
                "fqdn": "main-app.gentleflower-12982389.eastus.azurecontainerapps.io",
                "target_port": 5000,
                "traffic_weight": [
                  {
                    "label": "",
                    "latest_revision": true,
                    "percentage": 100,
                    "revision_suffix": ""
                  }
                ],
                "transport": "auto"
              }
            ],
            "latest_revision_fqdn": "main-app--qneyzd3.gentleflower-12982389.eastus.azurecontainerapps.io",
            "latest_revision_name": "main-app--qneyzd3",
            "location": "eastus",
            "name": "main-app",
            "outbound_ip_addresses": [
              "20.81.2.88"
            ],
            "registry": [],
            "resource_group_name": "ic4302-dbiip2",
            "revision_mode": "Single",
            "secret": [],
            "tags": {},
            "template": [
              {
                "container": [
                  {
                    "args": [],
                    "command": [],
                    "cpu": 0.25,
                    "env": [
                      {
                        "name": "CONNECTION_STRING",
                        "secret_name": "",
                        "value": "mongodb+srv://admin:YRklqMOH3ZMA85GU@song-lyrics-search.zpp8xfd.mongodb.net/?retryWrites=true\u0026w=majority"
                      }
                    ],
                    "ephemeral_storage": "1Gi",
                    "image": "docker.io/kenfabguzram/rest-api:latest",
                    "liveness_probe": [],
                    "memory": "0.5Gi",
                    "name": "api-demo",
                    "readiness_probe": [],
                    "startup_probe": [],
                    "volume_mounts": []
                  }
                ],
                "max_replicas": 10,
                "min_replicas": 0,
                "revision_suffix": "",
                "volume": []
              }
            ],
            "timeouts": null
          },
          "sensitive_attributes": [],
          "private": "eyJlMmJmYjczMC1lY2FhLTExZTYtOGY4OC0zNDM2M2JjN2M0YzAiOnsiY3JlYXRlIjoxODAwMDAwMDAwMDAwLCJkZWxldGUiOjE4MDAwMDAwMDAwMDAsInJlYWQiOjMwMDAwMDAwMDAwMCwidXBkYXRlIjoxODAwMDAwMDAwMDAwfX0=",
          "dependencies": [
            "azurerm_container_app_environment.main",
            "azurerm_log_analytics_workspace.main",
            "azurerm_resource_group.main",
            "azurerm_user_assigned_identity.main"
          ]
        }
      ]
    },
    {
      "mode": "managed",
      "type": "azurerm_container_app_environment",
      "name": "main",
      "provider": "provider[\"registry.terraform.io/hashicorp/azurerm\"]",
      "instances": [
        {
          "schema_version": 0,
          "attributes": {
            "default_domain": "gentleflower-12982389.eastus.azurecontainerapps.io",
            "docker_bridge_cidr": "",
            "id": "/subscriptions/31d8ad8f-6959-4ae5-b073-66688d1cf110/resourceGroups/ic4302-dbiip2/providers/Microsoft.App/managedEnvironments/main",
            "infrastructure_subnet_id": "",
            "internal_load_balancer_enabled": false,
            "location": "eastus",
            "log_analytics_workspace_id": "/subscriptions/31d8ad8f-6959-4ae5-b073-66688d1cf110/resourceGroups/ic4302-dbiip2/providers/Microsoft.OperationalInsights/workspaces/main-app",
            "name": "main",
            "platform_reserved_cidr": "",
            "platform_reserved_dns_ip_address": "",
            "resource_group_name": "ic4302-dbiip2",
            "static_ip_address": "20.81.5.92",
            "tags": {},
            "timeouts": null
          },
          "sensitive_attributes": [],
          "private": "eyJlMmJmYjczMC1lY2FhLTExZTYtOGY4OC0zNDM2M2JjN2M0YzAiOnsiY3JlYXRlIjoxODAwMDAwMDAwMDAwLCJkZWxldGUiOjE4MDAwMDAwMDAwMDAsInJlYWQiOjMwMDAwMDAwMDAwMCwidXBkYXRlIjoxODAwMDAwMDAwMDAwfX0=",
          "dependencies": [
            "azurerm_log_analytics_workspace.main",
            "azurerm_resource_group.main"
          ]
        }
      ]
    },
    {
      "mode": "managed",
      "type": "azurerm_linux_web_app",
      "name": "main",
      "provider": "provider[\"registry.terraform.io/hashicorp/azurerm\"]",
      "instances": [
        {
          "schema_version": 0,
          "attributes": {
            "app_settings": {
              "AZURE_CLIENT_ID": "fe3d27b9-da3f-4d70-9b33-86ab362d68ea",
              "WEBSITES_ENABLE_APP_SERVICE_STORAGE": "false"
            },
            "auth_settings": [],
            "auth_settings_v2": [],
            "backup": [],
            "client_affinity_enabled": false,
            "client_certificate_enabled": false,
            "client_certificate_exclusion_paths": "",
            "client_certificate_mode": "Required",
            "connection_string": [],
            "custom_domain_verification_id": "5C92DEE29D1F37B5DBF974A434D880A3B56374030946355B4AA049FC10FE48BC",
            "default_hostname": "main-dbiip2.azurewebsites.net",
            "enabled": true,
            "https_only": false,
            "id": "/subscriptions/31d8ad8f-6959-4ae5-b073-66688d1cf110/resourceGroups/ic4302-dbiip2/providers/Microsoft.Web/sites/main-dbiip2",
            "identity": [
              {
                "identity_ids": [
                  "/subscriptions/31d8ad8f-6959-4ae5-b073-66688d1cf110/resourceGroups/ic4302-dbiip2/providers/Microsoft.ManagedIdentity/userAssignedIdentities/owneraccess"
                ],
                "principal_id": "",
                "tenant_id": "",
                "type": "UserAssigned"
              }
            ],
            "key_vault_reference_identity_id": "SystemAssigned",
            "kind": "app,linux,container",
            "location": "eastus",
            "logs": [],
            "name": "main-dbiip2",
            "outbound_ip_address_list": [
              "20.241.252.30",
              "20.241.252.91",
              "20.241.252.181",
              "20.241.252.233",
              "20.241.253.39",
              "20.241.253.64",
              "20.119.16.31"
            ],
            "outbound_ip_addresses": "20.241.252.30,20.241.252.91,20.241.252.181,20.241.252.233,20.241.253.39,20.241.253.64,20.119.16.31",
            "possible_outbound_ip_address_list": [
              "20.241.252.30",
              "20.241.252.91",
              "20.241.252.181",
              "20.241.252.233",
              "20.241.253.39",
              "20.241.253.64",
              "20.241.253.144",
              "20.241.253.161",
              "20.241.254.50",
              "20.241.254.52",
              "20.241.254.99",
              "20.241.254.100",
              "20.241.254.197",
              "20.241.254.241",
              "20.241.255.40",
              "20.241.255.56",
              "20.241.255.76",
              "20.241.255.81",
              "20.241.255.137",
              "20.241.255.193",
              "20.241.255.207",
              "20.241.255.210",
              "20.241.255.239",
              "20.253.120.17",
              "20.119.16.31"
            ],
            "possible_outbound_ip_addresses": "20.241.252.30,20.241.252.91,20.241.252.181,20.241.252.233,20.241.253.39,20.241.253.64,20.241.253.144,20.241.253.161,20.241.254.50,20.241.254.52,20.241.254.99,20.241.254.100,20.241.254.197,20.241.254.241,20.241.255.40,20.241.255.56,20.241.255.76,20.241.255.81,20.241.255.137,20.241.255.193,20.241.255.207,20.241.255.210,20.241.255.239,20.253.120.17,20.119.16.31",
            "resource_group_name": "ic4302-dbiip2",
            "service_plan_id": "/subscriptions/31d8ad8f-6959-4ae5-b073-66688d1cf110/resourceGroups/ic4302-dbiip2/providers/Microsoft.Web/serverfarms/main-dbiip2",
            "site_config": [
              {
                "always_on": true,
                "api_definition_url": "",
                "api_management_api_id": "",
                "app_command_line": "",
                "application_stack": [
                  {
                    "docker_image": "docker.io/kenfabguzram/vue-app",
                    "docker_image_tag": "latest",
                    "dotnet_version": "",
                    "go_version": "",
                    "java_server": "",
                    "java_server_version": "",
                    "java_version": "",
                    "node_version": "",
                    "php_version": "",
                    "python_version": "",
                    "ruby_version": ""
                  }
                ],
                "auto_heal_enabled": false,
                "auto_heal_setting": [],
                "container_registry_managed_identity_client_id": "",
                "container_registry_use_managed_identity": false,
                "cors": [],
                "default_documents": [
                  "Default.htm",
                  "Default.html",
                  "Default.asp",
                  "index.htm",
                  "index.html",
                  "iisstart.htm",
                  "default.aspx",
                  "index.php",
                  "hostingstart.html"
                ],
                "detailed_error_logging_enabled": false,
                "ftps_state": "Disabled",
                "health_check_eviction_time_in_min": 0,
                "health_check_path": "",
                "http2_enabled": false,
                "ip_restriction": [],
                "linux_fx_version": "DOCKER|docker.io/kenfabguzram/vue-app:latest",
                "load_balancing_mode": "LeastRequests",
                "local_mysql_enabled": false,
                "managed_pipeline_mode": "Integrated",
                "minimum_tls_version": "1.2",
                "remote_debugging_enabled": false,
                "remote_debugging_version": "VS2019",
                "scm_ip_restriction": [],
                "scm_minimum_tls_version": "1.2",
                "scm_type": "None",
                "scm_use_main_ip_restriction": false,
                "use_32_bit_worker": true,
                "vnet_route_all_enabled": false,
                "websockets_enabled": false,
                "worker_count": 1
              }
            ],
            "site_credential": [
              {
                "name": "$main-dbiip2",
                "password": "ty4gypnkoehPnzogvhF7cbn030XecSe6DQnENW5zR9TZiAoc3Z6sf75FX4X4"
              }
            ],
            "sticky_settings": [],
            "storage_account": [],
            "tags": {},
            "timeouts": null,
            "virtual_network_subnet_id": "",
            "zip_deploy_file": ""
          },
          "sensitive_attributes": [],
          "private": "eyJlMmJmYjczMC1lY2FhLTExZTYtOGY4OC0zNDM2M2JjN2M0YzAiOnsiY3JlYXRlIjoxODAwMDAwMDAwMDAwLCJkZWxldGUiOjE4MDAwMDAwMDAwMDAsInJlYWQiOjMwMDAwMDAwMDAwMCwidXBkYXRlIjoxODAwMDAwMDAwMDAwfX0=",
          "dependencies": [
            "azurerm_resource_group.main",
            "azurerm_service_plan.main",
            "azurerm_user_assigned_identity.main"
          ]
        }
      ]
    },
    {
      "mode": "managed",
      "type": "azurerm_log_analytics_workspace",
      "name": "main",
      "provider": "provider[\"registry.terraform.io/hashicorp/azurerm\"]",
      "instances": [
        {
          "schema_version": 3,
          "attributes": {
            "allow_resource_only_permissions": true,
            "cmk_for_query_forced": false,
            "daily_quota_gb": -1,
            "id": "/subscriptions/31d8ad8f-6959-4ae5-b073-66688d1cf110/resourceGroups/ic4302-dbiip2/providers/Microsoft.OperationalInsights/workspaces/main-app",
            "internet_ingestion_enabled": true,
            "internet_query_enabled": true,
            "local_authentication_disabled": false,
            "location": "eastus",
            "name": "main-app",
            "primary_shared_key": "39JN80Qa12uI+XZiDL4TgQYozneOeiar5g7W6UONs4ONZrJoD9cE7SDfkGU7ofVtzw1PwpnVRizmNKlD5FY29A==",
            "reservation_capacity_in_gb_per_day": null,
            "resource_group_name": "ic4302-dbiip2",
            "retention_in_days": 30,
            "secondary_shared_key": "Ez+dOlCpgUf/LPGTqAadfdInbsyn1O+Xvj8LmeSf63WQn5R5PYQ9cXU0NiGovkkblO7fYdXBgpl+VVlDnEHEVA==",
            "sku": "PerGB2018",
            "tags": {},
            "timeouts": null,
            "workspace_id": "1b75b8ef-61e0-4e49-a558-1930e3364150"
          },
          "sensitive_attributes": [],
          "private": "eyJlMmJmYjczMC1lY2FhLTExZTYtOGY4OC0zNDM2M2JjN2M0YzAiOnsiY3JlYXRlIjoxODAwMDAwMDAwMDAwLCJkZWxldGUiOjE4MDAwMDAwMDAwMDAsInJlYWQiOjMwMDAwMDAwMDAwMCwidXBkYXRlIjoxODAwMDAwMDAwMDAwfSwic2NoZW1hX3ZlcnNpb24iOiIzIn0=",
          "dependencies": [
            "azurerm_resource_group.main"
          ]
        }
      ]
    },
    {
      "mode": "managed",
      "type": "azurerm_resource_group",
      "name": "main",
      "provider": "provider[\"registry.terraform.io/hashicorp/azurerm\"]",
      "instances": [
        {
          "schema_version": 0,
          "attributes": {
            "id": "/subscriptions/31d8ad8f-6959-4ae5-b073-66688d1cf110/resourceGroups/ic4302-dbiip2",
            "location": "eastus",
            "name": "ic4302-dbiip2",
            "tags": {},
            "timeouts": null
          },
          "sensitive_attributes": [],
          "private": "eyJlMmJmYjczMC1lY2FhLTExZTYtOGY4OC0zNDM2M2JjN2M0YzAiOnsiY3JlYXRlIjo1NDAwMDAwMDAwMDAwLCJkZWxldGUiOjU0MDAwMDAwMDAwMDAsInJlYWQiOjMwMDAwMDAwMDAwMCwidXBkYXRlIjo1NDAwMDAwMDAwMDAwfX0="
        }
      ]
    },
    {
      "mode": "managed",
      "type": "azurerm_role_assignment",
      "name": "main",
      "provider": "provider[\"registry.terraform.io/hashicorp/azurerm\"]",
      "instances": [
        {
          "schema_version": 0,
          "attributes": {
            "condition": "",
            "condition_version": "",
            "delegated_managed_identity_resource_id": "",
            "description": "",
            "id": "/subscriptions/31d8ad8f-6959-4ae5-b073-66688d1cf110/providers/Microsoft.Authorization/roleAssignments/f441a66a-d219-dc53-91cd-64dc66d1d642",
            "name": "f441a66a-d219-dc53-91cd-64dc66d1d642",
            "principal_id": "f59260be-aece-4111-b995-2dcc035023ba",
            "principal_type": "ServicePrincipal",
            "role_definition_id": "/subscriptions/31d8ad8f-6959-4ae5-b073-66688d1cf110/providers/Microsoft.Authorization/roleDefinitions/8e3af657-a8ff-443c-a75c-2fe8c4bcb635",
            "role_definition_name": "Owner",
            "scope": "/subscriptions/31d8ad8f-6959-4ae5-b073-66688d1cf110",
            "skip_service_principal_aad_check": null,
            "timeouts": null
          },
          "sensitive_attributes": [],
          "private": "eyJlMmJmYjczMC1lY2FhLTExZTYtOGY4OC0zNDM2M2JjN2M0YzAiOnsiY3JlYXRlIjoxODAwMDAwMDAwMDAwLCJkZWxldGUiOjE4MDAwMDAwMDAwMDAsInJlYWQiOjMwMDAwMDAwMDAwMCwidXBkYXRlIjoxODAwMDAwMDAwMDAwfX0=",
          "dependencies": [
            "azurerm_resource_group.main",
            "azurerm_user_assigned_identity.main",
            "data.azurerm_subscription.main"
          ]
        }
      ]
    },
    {
      "mode": "managed",
      "type": "azurerm_role_assignment",
      "name": "storage_blob_data_contributor",
      "provider": "provider[\"registry.terraform.io/hashicorp/azurerm\"]",
      "instances": [
        {
          "schema_version": 0,
          "attributes": {
            "condition": "",
            "condition_version": "",
            "delegated_managed_identity_resource_id": "",
            "description": "",
            "id": "/subscriptions/31d8ad8f-6959-4ae5-b073-66688d1cf110/providers/Microsoft.Authorization/roleAssignments/3454cafd-b2a5-71b1-ebd1-70f62ff8b011",
            "name": "3454cafd-b2a5-71b1-ebd1-70f62ff8b011",
            "principal_id": "f59260be-aece-4111-b995-2dcc035023ba",
            "principal_type": "ServicePrincipal",
            "role_definition_id": "/subscriptions/31d8ad8f-6959-4ae5-b073-66688d1cf110/providers/Microsoft.Authorization/roleDefinitions/ba92f5b4-2d11-453d-a403-e96b0029c9fe",
            "role_definition_name": "Storage Blob Data Contributor",
            "scope": "/subscriptions/31d8ad8f-6959-4ae5-b073-66688d1cf110",
            "skip_service_principal_aad_check": null,
            "timeouts": null
          },
          "sensitive_attributes": [],
          "private": "eyJlMmJmYjczMC1lY2FhLTExZTYtOGY4OC0zNDM2M2JjN2M0YzAiOnsiY3JlYXRlIjoxODAwMDAwMDAwMDAwLCJkZWxldGUiOjE4MDAwMDAwMDAwMDAsInJlYWQiOjMwMDAwMDAwMDAwMCwidXBkYXRlIjoxODAwMDAwMDAwMDAwfX0=",
          "dependencies": [
            "azurerm_resource_group.main",
            "azurerm_user_assigned_identity.main",
            "data.azurerm_subscription.main"
          ]
        }
      ]
    },
    {
      "mode": "managed",
      "type": "azurerm_role_assignment",
      "name": "storage_blob_data_contributor_user",
      "provider": "provider[\"registry.terraform.io/hashicorp/azurerm\"]",
      "instances": [
        {
          "schema_version": 0,
          "attributes": {
            "condition": "",
            "condition_version": "",
            "delegated_managed_identity_resource_id": "",
            "description": "",
            "id": "/subscriptions/31d8ad8f-6959-4ae5-b073-66688d1cf110/providers/Microsoft.Authorization/roleAssignments/52a5e38e-b011-b38b-1e0e-c5b78425c433",
            "name": "52a5e38e-b011-b38b-1e0e-c5b78425c433",
            "principal_id": "21ea84d1-2c61-4408-99fc-7cf2455d2b0a",
            "principal_type": "User",
            "role_definition_id": "/subscriptions/31d8ad8f-6959-4ae5-b073-66688d1cf110/providers/Microsoft.Authorization/roleDefinitions/ba92f5b4-2d11-453d-a403-e96b0029c9fe",
            "role_definition_name": "Storage Blob Data Contributor",
            "scope": "/subscriptions/31d8ad8f-6959-4ae5-b073-66688d1cf110",
            "skip_service_principal_aad_check": null,
            "timeouts": null
          },
          "sensitive_attributes": [],
          "private": "eyJlMmJmYjczMC1lY2FhLTExZTYtOGY4OC0zNDM2M2JjN2M0YzAiOnsiY3JlYXRlIjoxODAwMDAwMDAwMDAwLCJkZWxldGUiOjE4MDAwMDAwMDAwMDAsInJlYWQiOjMwMDAwMDAwMDAwMCwidXBkYXRlIjoxODAwMDAwMDAwMDAwfX0=",
          "dependencies": [
            "data.azurerm_client_config.current",
            "data.azurerm_subscription.main"
          ]
        }
      ]
    },
    {
      "mode": "managed",
      "type": "azurerm_role_assignment",
      "name": "storage_queue_data_contributor",
      "provider": "provider[\"registry.terraform.io/hashicorp/azurerm\"]",
      "instances": [
        {
          "schema_version": 0,
          "attributes": {
            "condition": "",
            "condition_version": "",
            "delegated_managed_identity_resource_id": "",
            "description": "",
            "id": "/subscriptions/31d8ad8f-6959-4ae5-b073-66688d1cf110/providers/Microsoft.Authorization/roleAssignments/5ebb9adb-b4ba-2db8-da9e-477b9c4eaae9",
            "name": "5ebb9adb-b4ba-2db8-da9e-477b9c4eaae9",
            "principal_id": "f59260be-aece-4111-b995-2dcc035023ba",
            "principal_type": "ServicePrincipal",
            "role_definition_id": "/subscriptions/31d8ad8f-6959-4ae5-b073-66688d1cf110/providers/Microsoft.Authorization/roleDefinitions/974c5e8b-45b9-4653-ba55-5f855dd0fb88",
            "role_definition_name": "Storage Queue Data Contributor",
            "scope": "/subscriptions/31d8ad8f-6959-4ae5-b073-66688d1cf110",
            "skip_service_principal_aad_check": null,
            "timeouts": null
          },
          "sensitive_attributes": [],
          "private": "eyJlMmJmYjczMC1lY2FhLTExZTYtOGY4OC0zNDM2M2JjN2M0YzAiOnsiY3JlYXRlIjoxODAwMDAwMDAwMDAwLCJkZWxldGUiOjE4MDAwMDAwMDAwMDAsInJlYWQiOjMwMDAwMDAwMDAwMCwidXBkYXRlIjoxODAwMDAwMDAwMDAwfX0=",
          "dependencies": [
            "azurerm_resource_group.main",
            "azurerm_user_assigned_identity.main",
            "data.azurerm_subscription.main"
          ]
        }
      ]
    },
    {
      "mode": "managed",
      "type": "azurerm_role_assignment",
      "name": "storage_queue_data_contributor_user",
      "provider": "provider[\"registry.terraform.io/hashicorp/azurerm\"]",
      "instances": [
        {
          "schema_version": 0,
          "attributes": {
            "condition": "",
            "condition_version": "",
            "delegated_managed_identity_resource_id": "",
            "description": "",
            "id": "/subscriptions/31d8ad8f-6959-4ae5-b073-66688d1cf110/providers/Microsoft.Authorization/roleAssignments/9ee4fb2b-3852-58cb-75e1-6e466ac4844b",
            "name": "9ee4fb2b-3852-58cb-75e1-6e466ac4844b",
            "principal_id": "21ea84d1-2c61-4408-99fc-7cf2455d2b0a",
            "principal_type": "User",
            "role_definition_id": "/subscriptions/31d8ad8f-6959-4ae5-b073-66688d1cf110/providers/Microsoft.Authorization/roleDefinitions/974c5e8b-45b9-4653-ba55-5f855dd0fb88",
            "role_definition_name": "Storage Queue Data Contributor",
            "scope": "/subscriptions/31d8ad8f-6959-4ae5-b073-66688d1cf110",
            "skip_service_principal_aad_check": null,
            "timeouts": null
          },
          "sensitive_attributes": [],
          "private": "eyJlMmJmYjczMC1lY2FhLTExZTYtOGY4OC0zNDM2M2JjN2M0YzAiOnsiY3JlYXRlIjoxODAwMDAwMDAwMDAwLCJkZWxldGUiOjE4MDAwMDAwMDAwMDAsInJlYWQiOjMwMDAwMDAwMDAwMCwidXBkYXRlIjoxODAwMDAwMDAwMDAwfX0=",
          "dependencies": [
            "data.azurerm_client_config.current",
            "data.azurerm_subscription.main"
          ]
        }
      ]
    },
    {
      "mode": "managed",
      "type": "azurerm_service_plan",
      "name": "main",
      "provider": "provider[\"registry.terraform.io/hashicorp/azurerm\"]",
      "instances": [
        {
          "schema_version": 0,
          "attributes": {
            "app_service_environment_id": "",
            "id": "/subscriptions/31d8ad8f-6959-4ae5-b073-66688d1cf110/resourceGroups/ic4302-dbiip2/providers/Microsoft.Web/serverfarms/main-dbiip2",
            "kind": "linux",
            "location": "eastus",
            "maximum_elastic_worker_count": 1,
            "name": "main-dbiip2",
            "os_type": "Linux",
            "per_site_scaling_enabled": false,
            "reserved": true,
            "resource_group_name": "ic4302-dbiip2",
            "sku_name": "S1",
            "tags": {},
            "timeouts": null,
            "worker_count": 1,
            "zone_balancing_enabled": false
          },
          "sensitive_attributes": [],
          "private": "eyJlMmJmYjczMC1lY2FhLTExZTYtOGY4OC0zNDM2M2JjN2M0YzAiOnsiY3JlYXRlIjozNjAwMDAwMDAwMDAwLCJkZWxldGUiOjM2MDAwMDAwMDAwMDAsInJlYWQiOjMwMDAwMDAwMDAwMCwidXBkYXRlIjozNjAwMDAwMDAwMDAwfX0=",
          "dependencies": [
            "azurerm_resource_group.main"
          ]
        }
      ]
    },
    {
      "mode": "managed",
      "type": "azurerm_storage_account",
      "name": "main",
      "provider": "provider[\"registry.terraform.io/hashicorp/azurerm\"]",
      "instances": [
        {
          "schema_version": 3,
          "attributes": {
            "access_tier": "Hot",
            "account_kind": "StorageV2",
            "account_replication_type": "LRS",
            "account_tier": "Standard",
            "allow_nested_items_to_be_public": true,
            "allowed_copy_scope": "",
            "azure_files_authentication": [],
            "blob_properties": [
              {
                "change_feed_enabled": false,
                "change_feed_retention_in_days": 0,
                "container_delete_retention_policy": [],
                "cors_rule": [],
                "default_service_version": "",
                "delete_retention_policy": [],
                "last_access_time_enabled": false,
                "restore_policy": [],
                "versioning_enabled": false
              }
            ],
            "cross_tenant_replication_enabled": true,
            "custom_domain": [],
            "customer_managed_key": [],
            "default_to_oauth_authentication": false,
            "edge_zone": "",
            "enable_https_traffic_only": true,
            "id": "/subscriptions/31d8ad8f-6959-4ae5-b073-66688d1cf110/resourceGroups/ic4302-dbiip2/providers/Microsoft.Storage/storageAccounts/filesmanagerdbiip2",
            "identity": [],
            "immutability_policy": [],
            "infrastructure_encryption_enabled": false,
            "is_hns_enabled": false,
            "large_file_share_enabled": null,
            "location": "eastus",
            "min_tls_version": "TLS1_2",
            "name": "filesmanagerdbiip2",
            "network_rules": [
              {
                "bypass": [
                  "AzureServices"
                ],
                "default_action": "Allow",
                "ip_rules": [],
                "private_link_access": [],
                "virtual_network_subnet_ids": []
              }
            ],
            "nfsv3_enabled": false,
            "primary_access_key": "c4bVZdzevTHK/G5P7Gb/aLD4syQ/0kA8jAiB0/a3kvBU090dyMUMk9PL30Z85gK5fXd64bB+Qgoo+AStpiMqkA==",
            "primary_blob_connection_string": "DefaultEndpointsProtocol=https;BlobEndpoint=https://filesmanagerdbiip2.blob.core.windows.net/;AccountName=filesmanagerdbiip2;AccountKey=c4bVZdzevTHK/G5P7Gb/aLD4syQ/0kA8jAiB0/a3kvBU090dyMUMk9PL30Z85gK5fXd64bB+Qgoo+AStpiMqkA==",
            "primary_blob_endpoint": "https://filesmanagerdbiip2.blob.core.windows.net/",
            "primary_blob_host": "filesmanagerdbiip2.blob.core.windows.net",
            "primary_connection_string": "DefaultEndpointsProtocol=https;AccountName=filesmanagerdbiip2;AccountKey=c4bVZdzevTHK/G5P7Gb/aLD4syQ/0kA8jAiB0/a3kvBU090dyMUMk9PL30Z85gK5fXd64bB+Qgoo+AStpiMqkA==;EndpointSuffix=core.windows.net",
            "primary_dfs_endpoint": "https://filesmanagerdbiip2.dfs.core.windows.net/",
            "primary_dfs_host": "filesmanagerdbiip2.dfs.core.windows.net",
            "primary_file_endpoint": "https://filesmanagerdbiip2.file.core.windows.net/",
            "primary_file_host": "filesmanagerdbiip2.file.core.windows.net",
            "primary_location": "eastus",
            "primary_queue_endpoint": "https://filesmanagerdbiip2.queue.core.windows.net/",
            "primary_queue_host": "filesmanagerdbiip2.queue.core.windows.net",
            "primary_table_endpoint": "https://filesmanagerdbiip2.table.core.windows.net/",
            "primary_table_host": "filesmanagerdbiip2.table.core.windows.net",
            "primary_web_endpoint": "https://filesmanagerdbiip2.z13.web.core.windows.net/",
            "primary_web_host": "filesmanagerdbiip2.z13.web.core.windows.net",
            "public_network_access_enabled": true,
            "queue_encryption_key_type": "Service",
            "queue_properties": [
              {
                "cors_rule": [],
                "hour_metrics": [
                  {
                    "enabled": true,
                    "include_apis": true,
                    "retention_policy_days": 7,
                    "version": "1.0"
                  }
                ],
                "logging": [
                  {
                    "delete": false,
                    "read": false,
                    "retention_policy_days": 0,
                    "version": "1.0",
                    "write": false
                  }
                ],
                "minute_metrics": [
                  {
                    "enabled": false,
                    "include_apis": false,
                    "retention_policy_days": 0,
                    "version": "1.0"
                  }
                ]
              }
            ],
            "resource_group_name": "ic4302-dbiip2",
            "routing": [],
            "sas_policy": [],
            "secondary_access_key": "LNj0WTTOPO1ghVloLKOQ64fq538rqAs8FmHHtkBMBKDRAa6TpyTAziqU3a2mJ+07wprLGWey5lHC+AStt9CAHA==",
            "secondary_blob_connection_string": "",
            "secondary_blob_endpoint": null,
            "secondary_blob_host": null,
            "secondary_connection_string": "DefaultEndpointsProtocol=https;AccountName=filesmanagerdbiip2;AccountKey=LNj0WTTOPO1ghVloLKOQ64fq538rqAs8FmHHtkBMBKDRAa6TpyTAziqU3a2mJ+07wprLGWey5lHC+AStt9CAHA==;EndpointSuffix=core.windows.net",
            "secondary_dfs_endpoint": null,
            "secondary_dfs_host": null,
            "secondary_file_endpoint": null,
            "secondary_file_host": null,
            "secondary_location": "",
            "secondary_queue_endpoint": null,
            "secondary_queue_host": null,
            "secondary_table_endpoint": null,
            "secondary_table_host": null,
            "secondary_web_endpoint": null,
            "secondary_web_host": null,
            "sftp_enabled": false,
            "share_properties": [
              {
                "cors_rule": [],
                "retention_policy": [
                  {
                    "days": 7
                  }
                ],
                "smb": []
              }
            ],
            "shared_access_key_enabled": true,
            "static_website": [],
            "table_encryption_key_type": "Service",
            "tags": {},
            "timeouts": null
          },
          "sensitive_attributes": [],
          "private": "eyJlMmJmYjczMC1lY2FhLTExZTYtOGY4OC0zNDM2M2JjN2M0YzAiOnsiY3JlYXRlIjozNjAwMDAwMDAwMDAwLCJkZWxldGUiOjM2MDAwMDAwMDAwMDAsInJlYWQiOjMwMDAwMDAwMDAwMCwidXBkYXRlIjozNjAwMDAwMDAwMDAwfSwic2NoZW1hX3ZlcnNpb24iOiIzIn0=",
          "dependencies": [
            "azurerm_resource_group.main"
          ]
        }
      ]
    },
    {
      "mode": "managed",
      "type": "azurerm_storage_container",
      "name": "main",
      "provider": "provider[\"registry.terraform.io/hashicorp/azurerm\"]",
      "instances": [
        {
          "schema_version": 1,
          "attributes": {
            "container_access_type": "private",
            "has_immutability_policy": false,
            "has_legal_hold": false,
            "id": "https://filesmanagerdbiip2.blob.core.windows.net/documents",
            "metadata": {},
            "name": "documents",
            "resource_manager_id": "/subscriptions/31d8ad8f-6959-4ae5-b073-66688d1cf110/resourceGroups/ic4302-dbiip2/providers/Microsoft.Storage/storageAccounts/filesmanagerdbiip2/blobServices/default/containers/documents",
            "storage_account_name": "filesmanagerdbiip2",
            "timeouts": null
          },
          "sensitive_attributes": [],
          "private": "eyJlMmJmYjczMC1lY2FhLTExZTYtOGY4OC0zNDM2M2JjN2M0YzAiOnsiY3JlYXRlIjoxODAwMDAwMDAwMDAwLCJkZWxldGUiOjE4MDAwMDAwMDAwMDAsInJlYWQiOjMwMDAwMDAwMDAwMCwidXBkYXRlIjoxODAwMDAwMDAwMDAwfSwic2NoZW1hX3ZlcnNpb24iOiIxIn0=",
          "dependencies": [
            "azurerm_resource_group.main",
            "azurerm_storage_account.main"
          ]
        }
      ]
    },
    {
      "mode": "managed",
      "type": "azurerm_user_assigned_identity",
      "name": "main",
      "provider": "provider[\"registry.terraform.io/hashicorp/azurerm\"]",
      "instances": [
        {
          "schema_version": 1,
          "attributes": {
            "client_id": "fe3d27b9-da3f-4d70-9b33-86ab362d68ea",
            "id": "/subscriptions/31d8ad8f-6959-4ae5-b073-66688d1cf110/resourceGroups/ic4302-dbiip2/providers/Microsoft.ManagedIdentity/userAssignedIdentities/owneraccess",
            "location": "eastus",
            "name": "owneraccess",
            "principal_id": "f59260be-aece-4111-b995-2dcc035023ba",
            "resource_group_name": "ic4302-dbiip2",
            "tags": {},
            "tenant_id": "bfcf1d9d-93ea-43b1-b902-1daa68a64248",
            "timeouts": null
          },
          "sensitive_attributes": [],
          "private": "eyJlMmJmYjczMC1lY2FhLTExZTYtOGY4OC0zNDM2M2JjN2M0YzAiOnsiY3JlYXRlIjoxODAwMDAwMDAwMDAwLCJkZWxldGUiOjE4MDAwMDAwMDAwMDAsInJlYWQiOjMwMDAwMDAwMDAwMCwidXBkYXRlIjoxODAwMDAwMDAwMDAwfSwic2NoZW1hX3ZlcnNpb24iOiIxIn0=",
          "dependencies": [
            "azurerm_resource_group.main"
          ]
        }
      ]
    }
  ],
  "check_results": null
}
